// !$*UTF8*$!
{
	archiveVersion = 1;
	classes = {
	};
	objectVersion = 50;
	objects = {

/* Begin PBXBuildFile section */
		044860DF218160530066B412 /* AppDelegate.m in Sources */ = {isa = PBXBuildFile; fileRef = 044860DE218160530066B412 /* AppDelegate.m */; };
		044860E2218160540066B412 /* ViewController.m in Sources */ = {isa = PBXBuildFile; fileRef = 044860E1218160540066B412 /* ViewController.m */; };
		044860E5218160540066B412 /* Main.storyboard in Resources */ = {isa = PBXBuildFile; fileRef = 044860E3218160540066B412 /* Main.storyboard */; };
		044860E72181606B0066B412 /* Assets.xcassets in Resources */ = {isa = PBXBuildFile; fileRef = 044860E62181606B0066B412 /* Assets.xcassets */; };
		044860EA2181606B0066B412 /* LaunchScreen.storyboard in Resources */ = {isa = PBXBuildFile; fileRef = 044860E82181606B0066B412 /* LaunchScreen.storyboard */; };
		044860ED2181606B0066B412 /* main.m in Sources */ = {isa = PBXBuildFile; fileRef = 044860EC2181606B0066B412 /* main.m */; };
		9FF23EC53AEAF0EFD728CD31 /* libPods-iOSComponentDemo.a in Frameworks */ = {isa = PBXBuildFile; fileRef = 76DFD0A2445356CD977F201C /* libPods-iOSComponentDemo.a */; };
/* End PBXBuildFile section */

/* Begin PBXFileReference section */
		044860DA218160530066B412 /* iOSComponentDemo.app */ = {isa = PBXFileReference; explicitFileType = wrapper.application; includeInIndex = 0; path = iOSComponentDemo.app; sourceTree = BUILT_PRODUCTS_DIR; };
		044860DD218160530066B412 /* AppDelegate.h */ = {isa = PBXFileReference; lastKnownFileType = sourcecode.c.h; path = AppDelegate.h; sourceTree = "<group>"; };
		044860DE218160530066B412 /* AppDelegate.m */ = {isa = PBXFileReference; lastKnownFileType = sourcecode.c.objc; path = AppDelegate.m; sourceTree = "<group>"; };
		044860E0218160530066B412 /* ViewController.h */ = {isa = PBXFileReference; lastKnownFileType = sourcecode.c.h; path = ViewController.h; sourceTree = "<group>"; };
		044860E1218160540066B412 /* ViewController.m */ = {isa = PBXFileReference; lastKnownFileType = sourcecode.c.objc; path = ViewController.m; sourceTree = "<group>"; };
		044860E4218160540066B412 /* Base */ = {isa = PBXFileReference; lastKnownFileType = file.storyboard; name = Base; path = Base.lproj/Main.storyboard; sourceTree = "<group>"; };
		044860E62181606B0066B412 /* Assets.xcassets */ = {isa = PBXFileReference; lastKnownFileType = folder.assetcatalog; path = Assets.xcassets; sourceTree = "<group>"; };
		044860E92181606B0066B412 /* Base */ = {isa = PBXFileReference; lastKnownFileType = file.storyboard; name = Base; path = Base.lproj/LaunchScreen.storyboard; sourceTree = "<group>"; };
		044860EB2181606B0066B412 /* Info.plist */ = {isa = PBXFileReference; lastKnownFileType = text.plist.xml; path = Info.plist; sourceTree = "<group>"; };
		044860EC2181606B0066B412 /* main.m */ = {isa = PBXFileReference; lastKnownFileType = sourcecode.c.objc; path = main.m; sourceTree = "<group>"; };
		76DFD0A2445356CD977F201C /* libPods-iOSComponentDemo.a */ = {isa = PBXFileReference; explicitFileType = archive.ar; includeInIndex = 0; path = "libPods-iOSComponentDemo.a"; sourceTree = BUILT_PRODUCTS_DIR; };
		BC93EA849ADD4CB2FBFCC10B /* Pods-iOSComponentDemo.release.xcconfig */ = {isa = PBXFileReference; includeInIndex = 1; lastKnownFileType = text.xcconfig; name = "Pods-iOSComponentDemo.release.xcconfig"; path = "Pods/Target Support Files/Pods-iOSComponentDemo/Pods-iOSComponentDemo.release.xcconfig"; sourceTree = "<group>"; };
		C614F41769AAF5CFAE4970C2 /* Pods-iOSComponentDemo.debug.xcconfig */ = {isa = PBXFileReference; includeInIndex = 1; lastKnownFileType = text.xcconfig; name = "Pods-iOSComponentDemo.debug.xcconfig"; path = "Pods/Target Support Files/Pods-iOSComponentDemo/Pods-iOSComponentDemo.debug.xcconfig"; sourceTree = "<group>"; };
/* End PBXFileReference section */

/* Begin PBXFrameworksBuildPhase section */
		044860D7218160530066B412 /* Frameworks */ = {
			isa = PBXFrameworksBuildPhase;
			buildActionMask = 2147483647;
			files = (
				9FF23EC53AEAF0EFD728CD31 /* libPods-iOSComponentDemo.a in Frameworks */,
			);
			runOnlyForDeploymentPostprocessing = 0;
		};
/* End PBXFrameworksBuildPhase section */

/* Begin PBXGroup section */
		044860D1218160530066B412 = {
			isa = PBXGroup;
			children = (
				044860DC218160530066B412 /* iOSComponentDemo */,
				044860DB218160530066B412 /* Products */,
				92ABD540B5D600C2F95AD5C8 /* Pods */,
				8A71FFC8C240CEDBB00881AD /* Frameworks */,
			);
			sourceTree = "<group>";
		};
		044860DB218160530066B412 /* Products */ = {
			isa = PBXGroup;
			children = (
				044860DA218160530066B412 /* iOSComponentDemo.app */,
			);
			name = Products;
			sourceTree = "<group>";
		};
		044860DC218160530066B412 /* iOSComponentDemo */ = {
			isa = PBXGroup;
			children = (
				044860DD218160530066B412 /* AppDelegate.h */,
				044860DE218160530066B412 /* AppDelegate.m */,
				044860E0218160530066B412 /* ViewController.h */,
				044860E1218160540066B412 /* ViewController.m */,
				044860E3218160540066B412 /* Main.storyboard */,
				044860E62181606B0066B412 /* Assets.xcassets */,
				044860E82181606B0066B412 /* LaunchScreen.storyboard */,
				044860EB2181606B0066B412 /* Info.plist */,
				044860EC2181606B0066B412 /* main.m */,
			);
			path = iOSComponentDemo;
			sourceTree = "<group>";
		};
		8A71FFC8C240CEDBB00881AD /* Frameworks */ = {
			isa = PBXGroup;
			children = (
				76DFD0A2445356CD977F201C /* libPods-iOSComponentDemo.a */,
			);
			name = Frameworks;
			sourceTree = "<group>";
		};
		92ABD540B5D600C2F95AD5C8 /* Pods */ = {
			isa = PBXGroup;
			children = (
				C614F41769AAF5CFAE4970C2 /* Pods-iOSComponentDemo.debug.xcconfig */,
				BC93EA849ADD4CB2FBFCC10B /* Pods-iOSComponentDemo.release.xcconfig */,
			);
			name = Pods;
			sourceTree = "<group>";
		};
/* End PBXGroup section */

/* Begin PBXNativeTarget section */
		044860D9218160530066B412 /* iOSComponentDemo */ = {
			isa = PBXNativeTarget;
			buildConfigurationList = 044860F02181606B0066B412 /* Build configuration list for PBXNativeTarget "iOSComponentDemo" */;
			buildPhases = (
				CDEEC5DB8D09BE0D6AFCF54F /* [CP] Check Pods Manifest.lock */,
				044860D6218160530066B412 /* Sources */,
				044860D7218160530066B412 /* Frameworks */,
				044860D8218160530066B412 /* Resources */,
			);
			buildRules = (
			);
			dependencies = (
			);
			name = iOSComponentDemo;
			productName = iOSComponentDemo;
			productReference = 044860DA218160530066B412 /* iOSComponentDemo.app */;
			productType = "com.apple.product-type.application";
		};
/* End PBXNativeTarget section */

/* Begin PBXProject section */
		044860D2218160530066B412 /* Project object */ = {
			isa = PBXProject;
			attributes = {
				LastUpgradeCheck = 1000;
				ORGANIZATIONNAME = ARM;
				TargetAttributes = {
					044860D9218160530066B412 = {
						CreatedOnToolsVersion = 10.0;
					};
				};
			};
			buildConfigurationList = 044860D5218160530066B412 /* Build configuration list for PBXProject "iOSComponentDemo" */;
			compatibilityVersion = "Xcode 9.3";
			developmentRegion = en;
			hasScannedForEncodings = 0;
			knownRegions = (
				en,
				Base,
			);
			mainGroup = 044860D1218160530066B412;
			productRefGroup = 044860DB218160530066B412 /* Products */;
			projectDirPath = "";
			projectRoot = "";
			targets = (
				044860D9218160530066B412 /* iOSComponentDemo */,
			);
		};
/* End PBXProject section */

/* Begin PBXResourcesBuildPhase section */
		044860D8218160530066B412 /* Resources */ = {
			isa = PBXResourcesBuildPhase;
			buildActionMask = 2147483647;
			files = (
				044860EA2181606B0066B412 /* LaunchScreen.storyboard in Resources */,
				044860E72181606B0066B412 /* Assets.xcassets in Resources */,
				044860E5218160540066B412 /* Main.storyboard in Resources */,
			);
			runOnlyForDeploymentPostprocessing = 0;
		};
/* End PBXResourcesBuildPhase section */

/* Begin PBXShellScriptBuildPhase section */
		CDEEC5DB8D09BE0D6AFCF54F /* [CP] Check Pods Manifest.lock */ = {
			isa = PBXShellScriptBuildPhase;
			buildActionMask = 2147483647;
			files = (
			);
			inputPaths = (
				"${PODS_PODFILE_DIR_PATH}/Podfile.lock",
				"${PODS_ROOT}/Manifest.lock",
			);
			name = "[CP] Check Pods Manifest.lock";
			outputPaths = (
				"$(DERIVED_FILE_DIR)/Pods-iOSComponentDemo-checkManifestLockResult.txt",
			);
			runOnlyForDeploymentPostprocessing = 0;
			shellPath = /bin/sh;
			shellScript = "diff \"${PODS_PODFILE_DIR_PATH}/Podfile.lock\" \"${PODS_ROOT}/Manifest.lock\" > /dev/null\nif [ $? != 0 ] ; then\n    # print error to STDERR\n    echo \"error: The sandbox is not in sync with the Podfile.lock. Run 'pod install' or update your CocoaPods installation.\" >&2\n    exit 1\nfi\n# This output is used by Xcode 'outputs' to avoid re-running this script phase.\necho \"SUCCESS\" > \"${SCRIPT_OUTPUT_FILE_0}\"\n";
			showEnvVarsInLog = 0;
		};
/* End PBXShellScriptBuildPhase section */

/* Begin PBXSourcesBuildPhase section */
		044860D6218160530066B412 /* Sources */ = {
			isa = PBXSourcesBuildPhase;
			buildActionMask = 2147483647;
			files = (
				044860E2218160540066B412 /* ViewController.m in Sources */,
				044860ED2181606B0066B412 /* main.m in Sources */,
				044860DF218160530066B412 /* AppDelegate.m in Sources */,
			);
			runOnlyForDeploymentPostprocessing = 0;
		};
/* End PBXSourcesBuildPhase section */

/* Begin PBXVariantGroup section */
		044860E3218160540066B412 /* Main.storyboard */ = {
			isa = PBXVariantGroup;
			children = (
				044860E4218160540066B412 /* Base */,
			);
			name = Main.storyboard;
			sourceTree = "<group>";
		};
		044860E82181606B0066B412 /* LaunchScreen.storyboard */ = {
			isa = PBXVariantGroup;
			children = (
				044860E92181606B0066B412 /* Base */,
			);
			name = LaunchScreen.storyboard;
			sourceTree = "<group>";
		};
/* End PBXVariantGroup section */

/* Begin XCBuildConfiguration section */
		044860EE2181606B0066B412 /* Debug */ = {
			isa = XCBuildConfiguration;
			buildSettings = {
				ALWAYS_SEARCH_USER_PATHS = NO;
				CLANG_ANALYZER_NONNULL = YES;
				CLANG_ANALYZER_NUMBER_OBJECT_CONVERSION = YES_AGGRESSIVE;
				CLANG_CXX_LANGUAGE_STANDARD = "gnu++14";
				CLANG_CXX_LIBRARY = "libc++";
				CLANG_ENABLE_MODULES = YES;
				CLANG_ENABLE_OBJC_ARC = YES;
				CLANG_ENABLE_OBJC_WEAK = YES;
				CLANG_WARN_BLOCK_CAPTURE_AUTORELEASING = YES;
				CLANG_WARN_BOOL_CONVERSION = YES;
				CLANG_WARN_COMMA = YES;
				CLANG_WARN_CONSTANT_CONVERSION = YES;
				CLANG_WARN_DEPRECATED_OBJC_IMPLEMENTATIONS = YES;
				CLANG_WARN_DIRECT_OBJC_ISA_USAGE = YES_ERROR;
				CLANG_WARN_DOCUMENTATION_COMMENTS = YES;
				CLANG_WARN_EMPTY_BODY = YES;
				CLANG_WARN_ENUM_CONVERSION = YES;
				CLANG_WARN_INFINITE_RECURSION = YES;
				CLANG_WARN_INT_CONVERSION = YES;
				CLANG_WARN_NON_LITERAL_NULL_CONVERSION = YES;
				CLANG_WARN_OBJC_IMPLICIT_RETAIN_SELF = YES;
				CLANG_WARN_OBJC_LITERAL_CONVERSION = YES;
				CLANG_WARN_OBJC_ROOT_CLASS = YES_ERROR;
				CLANG_WARN_RANGE_LOOP_ANALYSIS = YES;
				CLANG_WARN_STRICT_PROTOTYPES = YES;
				CLANG_WARN_SUSPICIOUS_MOVE = YES;
				CLANG_WARN_UNGUARDED_AVAILABILITY = YES_AGGRESSIVE;
				CLANG_WARN_UNREACHABLE_CODE = YES;
				CLANG_WARN__DUPLICATE_METHOD_MATCH = YES;
				CODE_SIGN_IDENTITY = "iPhone Developer";
				COPY_PHASE_STRIP = NO;
				DEBUG_INFORMATION_FORMAT = dwarf;
				ENABLE_STRICT_OBJC_MSGSEND = YES;
				ENABLE_TESTABILITY = YES;
				GCC_C_LANGUAGE_STANDARD = gnu11;
				GCC_DYNAMIC_NO_PIC = NO;
				GCC_NO_COMMON_BLOCKS = YES;
				GCC_OPTIMIZATION_LEVEL = 0;
				GCC_PREPROCESSOR_DEFINITIONS = (
					"DEBUG=1",
					"$(inherited)",
				);
				GCC_WARN_64_TO_32_BIT_CONVERSION = YES;
				GCC_WARN_ABOUT_RETURN_TYPE = YES_ERROR;
				GCC_WARN_UNDECLARED_SELECTOR = YES;
				GCC_WARN_UNINITIALIZED_AUTOS = YES_AGGRESSIVE;
				GCC_WARN_UNUSED_FUNCTION = YES;
				GCC_WARN_UNUSED_VARIABLE = YES;
				IPHONEOS_DEPLOYMENT_TARGET = 12.0;
				MTL_ENABLE_DEBUG_INFO = INCLUDE_SOURCE;
				MTL_FAST_MATH = YES;
				ONLY_ACTIVE_ARCH = YES;
				SDKROOT = iphoneos;
			};
			name = Debug;
		};
		044860EF2181606B0066B412 /* Release */ = {
			isa = XCBuildConfiguration;
			buildSettings = {
				ALWAYS_SEARCH_USER_PATHS = NO;
				CLANG_ANALYZER_NONNULL = YES;
				CLANG_ANALYZER_NUMBER_OBJECT_CONVERSION = YES_AGGRESSIVE;
				CLANG_CXX_LANGUAGE_STANDARD = "gnu++14";
				CLANG_CXX_LIBRARY = "libc++";
				CLANG_ENABLE_MODULES = YES;
				CLANG_ENABLE_OBJC_ARC = YES;
				CLANG_ENABLE_OBJC_WEAK = YES;
				CLANG_WARN_BLOCK_CAPTURE_AUTORELEASING = YES;
				CLANG_WARN_BOOL_CONVERSION = YES;
				CLANG_WARN_COMMA = YES;
				CLANG_WARN_CONSTANT_CONVERSION = YES;
				CLANG_WARN_DEPRECATED_OBJC_IMPLEMENTATIONS = YES;
				CLANG_WARN_DIRECT_OBJC_ISA_USAGE = YES_ERROR;
				CLANG_WARN_DOCUMENTATION_COMMENTS = YES;
				CLANG_WARN_EMPTY_BODY = YES;
				CLANG_WARN_ENUM_CONVERSION = YES;
				CLANG_WARN_INFINITE_RECURSION = YES;
				CLANG_WARN_INT_CONVERSION = YES;
				CLANG_WARN_NON_LITERAL_NULL_CONVERSION = YES;
				CLANG_WARN_OBJC_IMPLICIT_RETAIN_SELF = YES;
				CLANG_WARN_OBJC_LITERAL_CONVERSION = YES;
				CLANG_WARN_OBJC_ROOT_CLASS = YES_ERROR;
				CLANG_WARN_RANGE_LOOP_ANALYSIS = YES;
				CLANG_WARN_STRICT_PROTOTYPES = YES;
				CLANG_WARN_SUSPICIOUS_MOVE = YES;
				CLANG_WARN_UNGUARDED_AVAILABILITY = YES_AGGRESSIVE;
				CLANG_WARN_UNREACHABLE_CODE = YES;
				CLANG_WARN__DUPLICATE_METHOD_MATCH = YES;
				CODE_SIGN_IDENTITY = "iPhone Developer";
				COPY_PHASE_STRIP = NO;
				DEBUG_INFORMATION_FORMAT = "dwarf-with-dsym";
				ENABLE_NS_ASSERTIONS = NO;
				ENABLE_STRICT_OBJC_MSGSEND = YES;
				GCC_C_LANGUAGE_STANDARD = gnu11;
				GCC_NO_COMMON_BLOCKS = YES;
				GCC_WARN_64_TO_32_BIT_CONVERSION = YES;
				GCC_WARN_ABOUT_RETURN_TYPE = YES_ERROR;
				GCC_WARN_UNDECLARED_SELECTOR = YES;
				GCC_WARN_UNINITIALIZED_AUTOS = YES_AGGRESSIVE;
				GCC_WARN_UNUSED_FUNCTION = YES;
				GCC_WARN_UNUSED_VARIABLE = YES;
				IPHONEOS_DEPLOYMENT_TARGET = 12.0;
				MTL_ENABLE_DEBUG_INFO = NO;
				MTL_FAST_MATH = YES;
				SDKROOT = iphoneos;
				VALIDATE_PRODUCT = YES;
			};
			name = Release;
		};
		044860F12181606B0066B412 /* Debug */ = {
			isa = XCBuildConfiguration;
			baseConfigurationReference = C614F41769AAF5CFAE4970C2 /* Pods-iOSComponentDemo.debug.xcconfig */;
			buildSettings = {
				ASSETCATALOG_COMPILER_APPICON_NAME = AppIcon;
				CODE_SIGN_STYLE = Automatic;
				INFOPLIST_FILE = iOSComponentDemo/Info.plist;
				LD_RUNPATH_SEARCH_PATHS = (
					"$(inherited)",
					"@executable_path/Frameworks",
				);
				PRODUCT_BUNDLE_IDENTIFIER = cn.touna..iOSComponentDemo;
				PRODUCT_NAME = "$(TARGET_NAME)";
				TARGETED_DEVICE_FAMILY = "1,2";
			};
			name = Debug;
		};
		044860F22181606B0066B412 /* Release */ = {
			isa = XCBuildConfiguration;
			baseConfigurationReference = BC93EA849ADD4CB2FBFCC10B /* Pods-iOSComponentDemo.release.xcconfig */;
			buildSettings = {
				ASSETCATALOG_COMPILER_APPICON_NAME = AppIcon;
				CODE_SIGN_STYLE = Automatic;
				INFOPLIST_FILE = iOSComponentDemo/Info.plist;
				LD_RUNPATH_SEARCH_PATHS = (
					"$(inherited)",
					"@executable_path/Frameworks",
				);
				PRODUCT_BUNDLE_IDENTIFIER = cn.touna..iOSComponentDemo;
				PRODUCT_NAME = "$(TARGET_NAME)";
				TARGETED_DEVICE_FAMILY = "1,2";
			};
			name = Release;
		};
/* End XCBuildConfiguration section */

/* Begin XCConfigurationList section */
		044860D5218160530066B412 /* Build configuration list for PBXProject "iOSComponentDemo" */ = {
			isa = XCConfigurationList;
			buildConfigurations = (
				044860EE2181606B0066B412 /* Debug */,
				044860EF2181606B0066B412 /* Release */,
			);
			defaultConfigurationIsVisible = 0;
			defaultConfigurationName = Release;
		};
		044860F02181606B0066B412 /* Build configuration list for PBXNativeTarget "iOSComponentDemo" */ = {
			isa = XCConfigurationList;
			buildConfigurations = (
				044860F12181606B0066B412 /* Debug */,
				044860F22181606B0066B412 /* Release */,
			);
			defaultConfigurationIsVisible = 0;
			defaultConfigurationName = Release;
		};
/* End XCConfigurationList section */
	};
	rootObject = 044860D2218160530066B412 /* Project object */;
}
